# This file was autogenerated by Stack.
# You should not edit this file by hand.
# For more information, please see the documentation at:
#   https://docs.haskellstack.org/en/stable/lock_files

packages:
- completed:
    hackage: xdg-userdirs-0.1.0.2@sha256:4b25de32b6c6df0ce786a95ddded833980d03149c370414b1d7f5177016bec24,1124
    pantry-tree:
      size: 230
      sha256: 76b0f2bfb730683d1d5dcdd949a728bd3d4b52ea9950191a63c81dd53a5a7b7c
  original:
    hackage: xdg-userdirs-0.1.0.2
- completed:
    cabal-file:
      size: 4823
      sha256: 4326a111bb028aac7a2947d8595e5a0092550b2d68b02cb55fc220d6e92d89b3
    name: hsqml
    version: 0.3.5.0
    git: https://github.com/komadori/HsQML
    pantry-tree:
      size: 3212
      sha256: b30b90a9da53a83b0272e4433378a1386b352b6e8b614ee3cd5e7f1e03344c3c
    commit: ba72ee2c540485163bb6f34ade5a70ac62a971f7
  original:
    git: https://github.com/komadori/HsQML
    commit: ba72ee2c540485163bb6f34ade5a70ac62a971f7
- completed:
    cabal-file:
      size: 1056
      sha256: fdf314a491125eb1f7098bf39363bbb246b5be1f8718f385ceffd5b736220354
    name: th-printf
    version: 0.3.1
    git: https://github.com/emmanueltouzery/th-printf
    pantry-tree:
      size: 420
      sha256: 5811abef4d8e027aa67e56eedd22819fe03ef4380f55d9f066de325c049c0a40
    commit: 90dd9924ae93307fb8a5de390abe4855ce7ac6ab
  original:
    git: https://github.com/emmanueltouzery/th-printf
    commit: 90dd9924ae93307fb8a5de390abe4855ce7ac6ab
snapshots:
- completed:
    size: 567342
    url: https://raw.githubusercontent.com/commercialhaskell/stackage-snapshots/master/lts/10/3.yaml
    sha256: b3d22b89ec630597ad007088e98aa1c8d04844b6c0f23970b513a2862e0b8f0a
  original: lts-10.3
